{
  "name": "playout-bee",
  "version": "1.0.0",
  "lockfileVersion": 1,
  "requires": true,
  "dependencies": {
    "death": {
      "version": "1.1.0",
      "resolved": "https://registry.npmjs.org/death/-/death-1.1.0.tgz",
      "integrity": "sha1-AaqcQB7dknUFFEcLgmY5DGbGcxg="
    },
    "hyperdeck-server-connection": {
      "version": "0.0.4-nightly-feat-gotoCommand-20200604-153336-1ee166e.0",
      "resolved": "https://registry.npmjs.org/hyperdeck-server-connection/-/hyperdeck-server-connection-0.0.4-nightly-feat-gotoCommand-20200604-153336-1ee166e.0.tgz",
      "integrity": "sha512-na+jbnQOotr8Gl5rIWhSnb783IiUTrYhHjQZhNrfS1MaRapehXug4RcFCXKAlQjcV/UQ4Cr8J8Q54yGY/5qImw=="
    },
    "node-omxplayer": {
      "version": "0.6.1",
      "resolved": "https://registry.npmjs.org/node-omxplayer/-/node-omxplayer-0.6.1.tgz",
      "integrity": "sha512-yRhzO8iDwN6fzMs862xrCDu4vnjpRmus8yzu2S9WP14OqgeB0epdKipJro+C9iqIQ6OD5Ao25ZuftZ1Lw/kisA=="
    },
    "omxplayer-node": {
      "version": "0.7.6",
      "resolved": "https://registry.npmjs.org/omxplayer-node/-/omxplayer-node-0.7.6.tgz",
      "integrity": "sha512-+dH8JR8kNVv3Z+V+hVRYdvzzwb+DsQVQXHh5NEd57WxsGug8Oi8HcGzRFlgbH/sIuU/Qy0eOsVjQa3bkcgATqQ=="
    },
    "tslib": {
      "version": "2.0.0",
      "resolved": "https://registry.npmjs.org/tslib/-/tslib-2.0.0.tgz",
      "integrity": "sha512-lTqkx847PI7xEDYJntxZH89L2/aXInsyF2luSafe/+0fHOMjlBNXdH6th7f70qxLDhul7KZK0zC8V5ZIyHl0/g=="
    }
  }
}
